
Microsoft Visual Studio Solution File, Format Version 12.00
# Visual Studio Version 17
VisualStudioVersion = 17.10.34928.147
MinimumVisualStudioVersion = 10.0.40219.1
Project("{9A19103F-16F7-4668-BE54-9A1E7A4F7556}") = "OLA2SQ.IntegrationTests", "OLA2SQ.IntegrationTests.csproj", "{5D9D9273-16C6-4783-8927-1C667C6273F2}"
EndProject
Global
	GlobalSection(SolutionConfigurationPlatforms) = preSolution
		Debug|Any CPU = Debug|Any CPU
		Release|Any CPU = Release|Any CPU
	EndGlobalSection
	GlobalSection(ProjectConfigurationPlatforms) = postSolution
		{5D9D9273-16C6-4783-8927-1C667C6273F2}.Debug|Any CPU.ActiveCfg = Debug|Any CPU
		{5D9D9273-16C6-4783-8927-1C667C6273F2}.Debug|Any CPU.Build.0 = Debug|Any CPU
		{5D9D9273-16C6-4783-8927-1C667C6273F2}.Release|Any CPU.ActiveCfg = Release|Any CPU
		{5D9D9273-16C6-4783-8927-1C667C6273F2}.Release|Any CPU.Build.0 = Release|Any CPU
	EndGlobalSection
	GlobalSection(SolutionProperties) = preSolution
		HideSolutionNode = FALSE
	EndGlobalSection
	GlobalSection(ExtensibilityGlobals) = postSolution
		SolutionGuid = {46DCAE0C-572C-41B9-B314-33E66954280D}
	EndGlobalSection
EndGlobal
